# This file is generated by running "yarn install" inside your project.
# Manual changes might be lost - proceed with caution!

__metadata:
  version: 6
  cacheKey: 8

"date-fns@npm:^2.29.1":
  version: 2.29.1
  resolution: "date-fns@npm:2.29.1"
  checksum: 9d07f77dffc1eb8c213391bde39f2963ffe7c0019d9edde14487882d627224f3a39b963e6e99d0cc58afff220a6a1a7e8864d2789958f4eaa77714de94d4d076
  languageName: node
  linkType: hard

"pkg1@workspace:packages/pkg1":
  version: 0.0.0-use.local
  resolution: "pkg1@workspace:packages/pkg1"
  dependencies:
    date-fns: ^2.29.1
  languageName: unknown
  linkType: soft

"yarn-list-repro@workspace:.":
  version: 0.0.0-use.local
  resolution: "yarn-list-repro@workspace:."
  languageName: unknown
  linkType: soft
